
Microsoft Visual Studio Solution File, Format Version 12.00
# Visual Studio Version 17
VisualStudioVersion = 17.4.33205.214
MinimumVisualStudioVersion = 10.0.40219.1
Project("{FAE04EC0-301F-11D3-BF4B-00C04F79EFBC}") = "Class_11_Array", "Class_11_Array\Class_11_Array.csproj", "{68756348-FAB9-4122-B51A-3A46C134590A}"
EndProject
Project("{FAE04EC0-301F-11D3-BF4B-00C04F79EFBC}") = "Class_11_JuggedArray", "Class_11_JuggedArray\Class_11_JuggedArray.csproj", "{F675D6F1-89A6-4BF4-9173-6C284470F191}"
EndProject
Global
	GlobalSection(SolutionConfigurationPlatforms) = preSolution
		Debug|Any CPU = Debug|Any CPU
		Release|Any CPU = Release|Any CPU
	EndGlobalSection
	GlobalSection(ProjectConfigurationPlatforms) = postSolution
		{68756348-FAB9-4122-B51A-3A46C134590A}.Debug|Any CPU.ActiveCfg = Debug|Any CPU
		{68756348-FAB9-4122-B51A-3A46C134590A}.Debug|Any CPU.Build.0 = Debug|Any CPU
		{68756348-FAB9-4122-B51A-3A46C134590A}.Release|Any CPU.ActiveCfg = Release|Any CPU
		{68756348-FAB9-4122-B51A-3A46C134590A}.Release|Any CPU.Build.0 = Release|Any CPU
		{F675D6F1-89A6-4BF4-9173-6C284470F191}.Debug|Any CPU.ActiveCfg = Debug|Any CPU
		{F675D6F1-89A6-4BF4-9173-6C284470F191}.Debug|Any CPU.Build.0 = Debug|Any CPU
		{F675D6F1-89A6-4BF4-9173-6C284470F191}.Release|Any CPU.ActiveCfg = Release|Any CPU
		{F675D6F1-89A6-4BF4-9173-6C284470F191}.Release|Any CPU.Build.0 = Release|Any CPU
	EndGlobalSection
	GlobalSection(SolutionProperties) = preSolution
		HideSolutionNode = FALSE
	EndGlobalSection
	GlobalSection(ExtensibilityGlobals) = postSolution
		SolutionGuid = {83C79AA1-0855-4290-91C9-2002DC3D905A}
	EndGlobalSection
EndGlobal
